
Microsoft Visual Studio Solution File, Format Version 12.00
# Visual Studio Version 17
VisualStudioVersion = 17.14.36414.22 d17.14
MinimumVisualStudioVersion = 10.0.40219.1
Project("{FAE04EC0-301F-11D3-BF4B-00C04F79EFBC}") = "RodjendaniProjekat", "RodjendaniProjekat.csproj", "{58F17682-902C-4E04-8679-397B25D71D4C}"
EndProject
Global
	GlobalSection(SolutionConfigurationPlatforms) = preSolution
		Debug|Any CPU = Debug|Any CPU
		Release|Any CPU = Release|Any CPU
	EndGlobalSection
	GlobalSection(ProjectConfigurationPlatforms) = postSolution
		{58F17682-902C-4E04-8679-397B25D71D4C}.Debug|Any CPU.ActiveCfg = Debug|Any CPU
		{58F17682-902C-4E04-8679-397B25D71D4C}.Debug|Any CPU.Build.0 = Debug|Any CPU
		{58F17682-902C-4E04-8679-397B25D71D4C}.Release|Any CPU.ActiveCfg = Release|Any CPU
		{58F17682-902C-4E04-8679-397B25D71D4C}.Release|Any CPU.Build.0 = Release|Any CPU
	EndGlobalSection
	GlobalSection(SolutionProperties) = preSolution
		HideSolutionNode = FALSE
	EndGlobalSection
	GlobalSection(ExtensibilityGlobals) = postSolution
		SolutionGuid = {DBB8D896-AB73-429A-A486-7E361BD77995}
	EndGlobalSection
EndGlobal
